
Microsoft Visual Studio Solution File, Format Version 12.00
# Visual Studio Version 16
VisualStudioVersion = 16.0.30717.126
MinimumVisualStudioVersion = 10.0.40219.1
Project("{FAE04EC0-301F-11D3-BF4B-00C04F79EFBC}") = "RandomRectangles", "RandomRectangles\RandomRectangles.csproj", "{574EAB4A-DA8F-4658-B65B-5F3D49E38274}"
EndProject
Global
	GlobalSection(SolutionConfigurationPlatforms) = preSolution
		Debug|Any CPU = Debug|Any CPU
		Release|Any CPU = Release|Any CPU
	EndGlobalSection
	GlobalSection(ProjectConfigurationPlatforms) = postSolution
		{574EAB4A-DA8F-4658-B65B-5F3D49E38274}.Debug|Any CPU.ActiveCfg = Debug|Any CPU
		{574EAB4A-DA8F-4658-B65B-5F3D49E38274}.Debug|Any CPU.Build.0 = Debug|Any CPU
		{574EAB4A-DA8F-4658-B65B-5F3D49E38274}.Release|Any CPU.ActiveCfg = Release|Any CPU
		{574EAB4A-DA8F-4658-B65B-5F3D49E38274}.Release|Any CPU.Build.0 = Release|Any CPU
	EndGlobalSection
	GlobalSection(SolutionProperties) = preSolution
		HideSolutionNode = FALSE
	EndGlobalSection
	GlobalSection(ExtensibilityGlobals) = postSolution
		SolutionGuid = {F9D4676C-BC65-46C4-9633-94D9F7CA5EE0}
	EndGlobalSection
EndGlobal
